
Microsoft Visual Studio Solution File, Format Version 12.00
# Visual Studio Version 16
VisualStudioVersion = 16.0.31321.278
MinimumVisualStudioVersion = 10.0.40219.1
Project("{FAE04EC0-301F-11D3-BF4B-00C04F79EFBC}") = "ContactApp", "ContactApp\ContactApp.csproj", "{E6E30207-0BD2-4E4A-96C1-BB72288B28A8}"
EndProject
Global
	GlobalSection(SolutionConfigurationPlatforms) = preSolution
		Debug|Any CPU = Debug|Any CPU
		Release|Any CPU = Release|Any CPU
	EndGlobalSection
	GlobalSection(ProjectConfigurationPlatforms) = postSolution
		{E6E30207-0BD2-4E4A-96C1-BB72288B28A8}.Debug|Any CPU.ActiveCfg = Debug|Any CPU
		{E6E30207-0BD2-4E4A-96C1-BB72288B28A8}.Debug|Any CPU.Build.0 = Debug|Any CPU
		{E6E30207-0BD2-4E4A-96C1-BB72288B28A8}.Release|Any CPU.ActiveCfg = Release|Any CPU
		{E6E30207-0BD2-4E4A-96C1-BB72288B28A8}.Release|Any CPU.Build.0 = Release|Any CPU
	EndGlobalSection
	GlobalSection(SolutionProperties) = preSolution
		HideSolutionNode = FALSE
	EndGlobalSection
	GlobalSection(ExtensibilityGlobals) = postSolution
		SolutionGuid = {9F7D8366-7BF6-487D-AAA9-8BD0FE121A46}
	EndGlobalSection
EndGlobal
